
Microsoft Visual Studio Solution File, Format Version 12.00
# Visual Studio Version 17
VisualStudioVersion = 17.2.32519.379
MinimumVisualStudioVersion = 10.0.40219.1
Project("{2150E333-8FDC-42A3-9474-1A3956D46DE8}") = "APIGateway", "APIGateway", "{9F698FF9-B517-433A-B03E-5A59DAE70231}"
EndProject
Project("{9A19103F-16F7-4668-BE54-9A1E7A4F7556}") = "GlobalAI.APIGateway", "GlobalAI.APIGateway\GlobalAI.APIGateway\GlobalAI.APIGateway.csproj", "{0CEEE9A6-A8FC-4FCD-8E30-558CDC8A8AEC}"
EndProject
Project("{2150E333-8FDC-42A3-9474-1A3956D46DE8}") = "DemoServices", "DemoServices", "{BCA005FB-AD2D-4279-A17C-12B74DF1E31A}"
EndProject
Project("{9A19103F-16F7-4668-BE54-9A1E7A4F7556}") = "GlobalAI.DemoAPI", "GlobalAI.DemoServices\GlobalAI.DemoAPI\GlobalAI.DemoAPI.csproj", "{7248E30B-CBD5-43B0-AC2C-34DFDC55C2F5}"
EndProject
Project("{9A19103F-16F7-4668-BE54-9A1E7A4F7556}") = "GlobalAI.DemoDomain", "GlobalAI.DemoServices\GlobalAI.DemoDomain\GlobalAI.DemoDomain.csproj", "{21B90244-4E46-4545-9854-A0D2C2C3D82C}"
EndProject
Project("{9A19103F-16F7-4668-BE54-9A1E7A4F7556}") = "GlobalAI.DemoRepositories", "GlobalAI.DemoServices\GlobalAI.DemoRepositories\GlobalAI.DemoRepositories.csproj", "{393002EA-94BF-4175-8619-9B0253DD1816}"
EndProject
Project("{9A19103F-16F7-4668-BE54-9A1E7A4F7556}") = "GlobalAI.DemoEntities", "GlobalAI.DemoServices\GlobalAI.DemoEntities\GlobalAI.DemoEntities.csproj", "{ADD0E786-0719-49DC-A909-3F8C3A8AEFF3}"
EndProject
Project("{2150E333-8FDC-42A3-9474-1A3956D46DE8}") = "Libraries", "Libraries", "{2FD15F33-9CB7-4A86-9250-0AF8C43E1489}"
EndProject
Project("{9A19103F-16F7-4668-BE54-9A1E7A4F7556}") = "GlobalAI.Utils", "GlobalAI.Libraries\GlobalAI.Utils\GlobalAI.Utils.csproj", "{651B6C30-1559-4364-88CA-1FEC1115D701}"
EndProject
Project("{2150E333-8FDC-42A3-9474-1A3956D46DE8}") = "DataAccess", "DataAccess", "{F26C042B-CCD2-4A18-887A-83989B3C48DE}"
EndProject
Project("{9A19103F-16F7-4668-BE54-9A1E7A4F7556}") = "GlobalAI.EntitesBase", "GlobalAI.Libraries\GlobalAI.EntitesBase\GlobalAI.EntitesBase.csproj", "{E69FE5DA-E4BE-40AA-B496-E5F63D40220F}"
EndProject
Project("{9A19103F-16F7-4668-BE54-9A1E7A4F7556}") = "GlobalAI.WebAPIBase", "GlobalAI.Libraries\GlobalAI.WebAPIBase\GlobalAI.WebAPIBase.csproj", "{3BF247EB-F755-4928-AB23-ABC1066689C1}"
EndProject
Project("{9A19103F-16F7-4668-BE54-9A1E7A4F7556}") = "GlobalAI.DataAccess", "GlobalAI.Libraries\GlobalAI.DataAccess\GlobalAI.DataAccess.csproj", "{0949A3C1-7855-4026-BCB1-92F929DF803A}"
EndProject
Project("{9A19103F-16F7-4668-BE54-9A1E7A4F7556}") = "GlobalAI.Entites", "GlobalAI.Libraries\GlobalAI.Entites\GlobalAI.Entites.csproj", "{45CBA4C6-87AA-490D-A123-C3BAAF6DED88}"
EndProject
Project("{2150E333-8FDC-42A3-9474-1A3956D46DE8}") = "IdentityServer", "IdentityServer", "{1D3EE407-40D3-459D-828E-95296616361E}"
EndProject
Project("{9A19103F-16F7-4668-BE54-9A1E7A4F7556}") = "GlobalAI.IdentityServer", "GlobalAI.IdentityServer\GlobalAI.IdentityServer\GlobalAI.IdentityServer.csproj", "{8CE61155-6C55-4D63-B7AE-787CD00077A3}"
EndProject
Project("{2150E333-8FDC-42A3-9474-1A3956D46DE8}") = "ToolsConsole", "ToolsConsole", "{9DD2C7F6-5493-4A5E-87AF-A1B5A6B32600}"
EndProject
Project("{9A19103F-16F7-4668-BE54-9A1E7A4F7556}") = "GlobalAI.HostConsole", "GlobalAI.ToolConsole\GlobalAI.HostConsole\GlobalAI.HostConsole.csproj", "{B5E1045F-5778-40FE-9FCE-6F9B1789FD00}"
EndProject
Project("{2150E333-8FDC-42A3-9474-1A3956D46DE8}") = "ProductServices", "ProductServices", "{4F2B798C-12D3-4407-910C-FA5F1F990347}"
EndProject
Project("{9A19103F-16F7-4668-BE54-9A1E7A4F7556}") = "GlobalAI.ProductAPI", "GlobalAI.ProductServices\GlobalAI.ProductAPI\GlobalAI.ProductAPI.csproj", "{5391C985-55DA-4BCA-9DAB-752B11D2397A}"
EndProject
Project("{9A19103F-16F7-4668-BE54-9A1E7A4F7556}") = "GlobalAI.ProductDomain", "GlobalAI.ProductServices\GlobalAI.ProductDomain\GlobalAI.ProductDomain.csproj", "{EB9C419E-2262-4870-97F3-47E0558FFF4A}"
EndProject
Project("{9A19103F-16F7-4668-BE54-9A1E7A4F7556}") = "GlobalAI.ProductEntities", "GlobalAI.ProductServices\GlobalAI.ProductEntities\GlobalAI.ProductEntities.csproj", "{5E15D5C7-0073-415A-9553-8A8347DBF68C}"
EndProject
Project("{9A19103F-16F7-4668-BE54-9A1E7A4F7556}") = "GlobalAI.ProductRepositories", "GlobalAI.ProductServices\GlobalAI.ProductRepositories\GlobalAI.ProductRepositories.csproj", "{514AE52A-D1CD-4D19-8286-702DD7E901B7}"
EndProject
Project("{9A19103F-16F7-4668-BE54-9A1E7A4F7556}") = "GlobalAI.IdentitiyServerEntities", "GlobalAI.IdentityServer\GlobalAI.IdentitiyServerEntities\GlobalAI.IdentitiyServerEntities.csproj", "{33E9923D-3085-460A-AE63-B53BB0315062}"
EndProject
Project("{2150E333-8FDC-42A3-9474-1A3956D46DE8}") = "CoreServices", "CoreServices", "{00042318-1BE6-476D-9703-265CB0A8131B}"
EndProject
Project("{9A19103F-16F7-4668-BE54-9A1E7A4F7556}") = "GlobalAI.CoreAPI", "GlobalAI.CoreServices\GlobalAI.CoreAPI\GlobalAI.CoreAPI.csproj", "{AE117355-56BA-4EA0-9C47-341E0D76BBA6}"
EndProject
Project("{9A19103F-16F7-4668-BE54-9A1E7A4F7556}") = "GlobalAI.CoreDomain", "GlobalAI.CoreServices\GlobalAI.CoreDomain\GlobalAI.CoreDomain.csproj", "{EB96DFEE-0BD5-4202-8D57-BA34737C8EBF}"
EndProject
Project("{9A19103F-16F7-4668-BE54-9A1E7A4F7556}") = "GlobalAI.CoreEntities", "GlobalAI.CoreServices\GlobalAI.CoreEntities\GlobalAI.CoreEntities.csproj", "{F39C93EB-E70C-4F14-97FD-C2DCA6A0F14D}"
EndProject
Project("{9A19103F-16F7-4668-BE54-9A1E7A4F7556}") = "GlobalAI.CoreRepositories", "GlobalAI.CoreServices\GlobalAI.CoreRepositories\GlobalAI.CoreRepositories.csproj", "{68FEC12E-E52D-4D00-A081-A9A7F829EF9A}"
EndProject
Project("{2150E333-8FDC-42A3-9474-1A3956D46DE8}") = "FileServices", "FileServices", "{54301957-38DE-4B72-9BB4-0B311611B333}"
EndProject
Project("{9A19103F-16F7-4668-BE54-9A1E7A4F7556}") = "GlobalAI.FileAPI", "GlobalAI.FileServices\GlobalAI.FileAPI\GlobalAI.FileAPI.csproj", "{5E33B0FC-C445-4E83-80EF-CB910C8A3627}"
EndProject
Project("{9A19103F-16F7-4668-BE54-9A1E7A4F7556}") = "GlobalAI.FileDomain", "GlobalAI.FileServices\GlobalAI.FileDomain\GlobalAI.FileDomain.csproj", "{69C4DD77-606A-4A60-9B57-4D43367F682C}"
EndProject
Project("{9A19103F-16F7-4668-BE54-9A1E7A4F7556}") = "GlobalAI.FileEntities", "GlobalAI.FileServices\GlobalAI.FileEntities\GlobalAI.FileEntities.csproj", "{2AE43BD1-00EF-4A64-A7EF-23794A5CFCA2}"
EndProject
Global
	GlobalSection(SolutionConfigurationPlatforms) = preSolution
		Debug|Any CPU = Debug|Any CPU
		Release|Any CPU = Release|Any CPU
	EndGlobalSection
	GlobalSection(ProjectConfigurationPlatforms) = postSolution
		{0CEEE9A6-A8FC-4FCD-8E30-558CDC8A8AEC}.Debug|Any CPU.ActiveCfg = Debug|Any CPU
		{0CEEE9A6-A8FC-4FCD-8E30-558CDC8A8AEC}.Debug|Any CPU.Build.0 = Debug|Any CPU
		{0CEEE9A6-A8FC-4FCD-8E30-558CDC8A8AEC}.Release|Any CPU.ActiveCfg = Release|Any CPU
		{0CEEE9A6-A8FC-4FCD-8E30-558CDC8A8AEC}.Release|Any CPU.Build.0 = Release|Any CPU
		{7248E30B-CBD5-43B0-AC2C-34DFDC55C2F5}.Debug|Any CPU.ActiveCfg = Debug|Any CPU
		{7248E30B-CBD5-43B0-AC2C-34DFDC55C2F5}.Debug|Any CPU.Build.0 = Debug|Any CPU
		{7248E30B-CBD5-43B0-AC2C-34DFDC55C2F5}.Release|Any CPU.ActiveCfg = Release|Any CPU
		{7248E30B-CBD5-43B0-AC2C-34DFDC55C2F5}.Release|Any CPU.Build.0 = Release|Any CPU
		{21B90244-4E46-4545-9854-A0D2C2C3D82C}.Debug|Any CPU.ActiveCfg = Debug|Any CPU
		{21B90244-4E46-4545-9854-A0D2C2C3D82C}.Debug|Any CPU.Build.0 = Debug|Any CPU
		{21B90244-4E46-4545-9854-A0D2C2C3D82C}.Release|Any CPU.ActiveCfg = Release|Any CPU
		{21B90244-4E46-4545-9854-A0D2C2C3D82C}.Release|Any CPU.Build.0 = Release|Any CPU
		{393002EA-94BF-4175-8619-9B0253DD1816}.Debug|Any CPU.ActiveCfg = Debug|Any CPU
		{393002EA-94BF-4175-8619-9B0253DD1816}.Debug|Any CPU.Build.0 = Debug|Any CPU
		{393002EA-94BF-4175-8619-9B0253DD1816}.Release|Any CPU.ActiveCfg = Release|Any CPU
		{393002EA-94BF-4175-8619-9B0253DD1816}.Release|Any CPU.Build.0 = Release|Any CPU
		{ADD0E786-0719-49DC-A909-3F8C3A8AEFF3}.Debug|Any CPU.ActiveCfg = Debug|Any CPU
		{ADD0E786-0719-49DC-A909-3F8C3A8AEFF3}.Debug|Any CPU.Build.0 = Debug|Any CPU
		{ADD0E786-0719-49DC-A909-3F8C3A8AEFF3}.Release|Any CPU.ActiveCfg = Release|Any CPU
		{ADD0E786-0719-49DC-A909-3F8C3A8AEFF3}.Release|Any CPU.Build.0 = Release|Any CPU
		{651B6C30-1559-4364-88CA-1FEC1115D701}.Debug|Any CPU.ActiveCfg = Debug|Any CPU
		{651B6C30-1559-4364-88CA-1FEC1115D701}.Debug|Any CPU.Build.0 = Debug|Any CPU
		{651B6C30-1559-4364-88CA-1FEC1115D701}.Release|Any CPU.ActiveCfg = Release|Any CPU
		{651B6C30-1559-4364-88CA-1FEC1115D701}.Release|Any CPU.Build.0 = Release|Any CPU
		{E69FE5DA-E4BE-40AA-B496-E5F63D40220F}.Debug|Any CPU.ActiveCfg = Debug|Any CPU
		{E69FE5DA-E4BE-40AA-B496-E5F63D40220F}.Debug|Any CPU.Build.0 = Debug|Any CPU
		{E69FE5DA-E4BE-40AA-B496-E5F63D40220F}.Release|Any CPU.ActiveCfg = Release|Any CPU
		{E69FE5DA-E4BE-40AA-B496-E5F63D40220F}.Release|Any CPU.Build.0 = Release|Any CPU
		{3BF247EB-F755-4928-AB23-ABC1066689C1}.Debug|Any CPU.ActiveCfg = Debug|Any CPU
		{3BF247EB-F755-4928-AB23-ABC1066689C1}.Debug|Any CPU.Build.0 = Debug|Any CPU
		{3BF247EB-F755-4928-AB23-ABC1066689C1}.Release|Any CPU.ActiveCfg = Release|Any CPU
		{3BF247EB-F755-4928-AB23-ABC1066689C1}.Release|Any CPU.Build.0 = Release|Any CPU
		{0949A3C1-7855-4026-BCB1-92F929DF803A}.Debug|Any CPU.ActiveCfg = Debug|Any CPU
		{0949A3C1-7855-4026-BCB1-92F929DF803A}.Debug|Any CPU.Build.0 = Debug|Any CPU
		{0949A3C1-7855-4026-BCB1-92F929DF803A}.Release|Any CPU.ActiveCfg = Release|Any CPU
		{0949A3C1-7855-4026-BCB1-92F929DF803A}.Release|Any CPU.Build.0 = Release|Any CPU
		{45CBA4C6-87AA-490D-A123-C3BAAF6DED88}.Debug|Any CPU.ActiveCfg = Debug|Any CPU
		{45CBA4C6-87AA-490D-A123-C3BAAF6DED88}.Debug|Any CPU.Build.0 = Debug|Any CPU
		{45CBA4C6-87AA-490D-A123-C3BAAF6DED88}.Release|Any CPU.ActiveCfg = Release|Any CPU
		{45CBA4C6-87AA-490D-A123-C3BAAF6DED88}.Release|Any CPU.Build.0 = Release|Any CPU
		{8CE61155-6C55-4D63-B7AE-787CD00077A3}.Debug|Any CPU.ActiveCfg = Debug|Any CPU
		{8CE61155-6C55-4D63-B7AE-787CD00077A3}.Debug|Any CPU.Build.0 = Debug|Any CPU
		{8CE61155-6C55-4D63-B7AE-787CD00077A3}.Release|Any CPU.ActiveCfg = Release|Any CPU
		{8CE61155-6C55-4D63-B7AE-787CD00077A3}.Release|Any CPU.Build.0 = Release|Any CPU
		{B5E1045F-5778-40FE-9FCE-6F9B1789FD00}.Debug|Any CPU.ActiveCfg = Debug|Any CPU
		{B5E1045F-5778-40FE-9FCE-6F9B1789FD00}.Debug|Any CPU.Build.0 = Debug|Any CPU
		{B5E1045F-5778-40FE-9FCE-6F9B1789FD00}.Release|Any CPU.ActiveCfg = Release|Any CPU
		{B5E1045F-5778-40FE-9FCE-6F9B1789FD00}.Release|Any CPU.Build.0 = Release|Any CPU
		{5391C985-55DA-4BCA-9DAB-752B11D2397A}.Debug|Any CPU.ActiveCfg = Debug|Any CPU
		{5391C985-55DA-4BCA-9DAB-752B11D2397A}.Debug|Any CPU.Build.0 = Debug|Any CPU
		{5391C985-55DA-4BCA-9DAB-752B11D2397A}.Release|Any CPU.ActiveCfg = Release|Any CPU
		{5391C985-55DA-4BCA-9DAB-752B11D2397A}.Release|Any CPU.Build.0 = Release|Any CPU
		{EB9C419E-2262-4870-97F3-47E0558FFF4A}.Debug|Any CPU.ActiveCfg = Debug|Any CPU
		{EB9C419E-2262-4870-97F3-47E0558FFF4A}.Debug|Any CPU.Build.0 = Debug|Any CPU
		{EB9C419E-2262-4870-97F3-47E0558FFF4A}.Release|Any CPU.ActiveCfg = Release|Any CPU
		{EB9C419E-2262-4870-97F3-47E0558FFF4A}.Release|Any CPU.Build.0 = Release|Any CPU
		{5E15D5C7-0073-415A-9553-8A8347DBF68C}.Debug|Any CPU.ActiveCfg = Debug|Any CPU
		{5E15D5C7-0073-415A-9553-8A8347DBF68C}.Debug|Any CPU.Build.0 = Debug|Any CPU
		{5E15D5C7-0073-415A-9553-8A8347DBF68C}.Release|Any CPU.ActiveCfg = Release|Any CPU
		{5E15D5C7-0073-415A-9553-8A8347DBF68C}.Release|Any CPU.Build.0 = Release|Any CPU
		{514AE52A-D1CD-4D19-8286-702DD7E901B7}.Debug|Any CPU.ActiveCfg = Debug|Any CPU
		{514AE52A-D1CD-4D19-8286-702DD7E901B7}.Debug|Any CPU.Build.0 = Debug|Any CPU
		{514AE52A-D1CD-4D19-8286-702DD7E901B7}.Release|Any CPU.ActiveCfg = Release|Any CPU
		{514AE52A-D1CD-4D19-8286-702DD7E901B7}.Release|Any CPU.Build.0 = Release|Any CPU
		{33E9923D-3085-460A-AE63-B53BB0315062}.Debug|Any CPU.ActiveCfg = Debug|Any CPU
		{33E9923D-3085-460A-AE63-B53BB0315062}.Debug|Any CPU.Build.0 = Debug|Any CPU
		{33E9923D-3085-460A-AE63-B53BB0315062}.Release|Any CPU.ActiveCfg = Release|Any CPU
		{33E9923D-3085-460A-AE63-B53BB0315062}.Release|Any CPU.Build.0 = Release|Any CPU
		{AE117355-56BA-4EA0-9C47-341E0D76BBA6}.Debug|Any CPU.ActiveCfg = Debug|Any CPU
		{AE117355-56BA-4EA0-9C47-341E0D76BBA6}.Debug|Any CPU.Build.0 = Debug|Any CPU
		{AE117355-56BA-4EA0-9C47-341E0D76BBA6}.Release|Any CPU.ActiveCfg = Release|Any CPU
		{AE117355-56BA-4EA0-9C47-341E0D76BBA6}.Release|Any CPU.Build.0 = Release|Any CPU
		{EB96DFEE-0BD5-4202-8D57-BA34737C8EBF}.Debug|Any CPU.ActiveCfg = Debug|Any CPU
		{EB96DFEE-0BD5-4202-8D57-BA34737C8EBF}.Debug|Any CPU.Build.0 = Debug|Any CPU
		{EB96DFEE-0BD5-4202-8D57-BA34737C8EBF}.Release|Any CPU.ActiveCfg = Release|Any CPU
		{EB96DFEE-0BD5-4202-8D57-BA34737C8EBF}.Release|Any CPU.Build.0 = Release|Any CPU
		{F39C93EB-E70C-4F14-97FD-C2DCA6A0F14D}.Debug|Any CPU.ActiveCfg = Debug|Any CPU
		{F39C93EB-E70C-4F14-97FD-C2DCA6A0F14D}.Debug|Any CPU.Build.0 = Debug|Any CPU
		{F39C93EB-E70C-4F14-97FD-C2DCA6A0F14D}.Release|Any CPU.ActiveCfg = Release|Any CPU
		{F39C93EB-E70C-4F14-97FD-C2DCA6A0F14D}.Release|Any CPU.Build.0 = Release|Any CPU
		{68FEC12E-E52D-4D00-A081-A9A7F829EF9A}.Debug|Any CPU.ActiveCfg = Debug|Any CPU
		{68FEC12E-E52D-4D00-A081-A9A7F829EF9A}.Debug|Any CPU.Build.0 = Debug|Any CPU
		{68FEC12E-E52D-4D00-A081-A9A7F829EF9A}.Release|Any CPU.ActiveCfg = Release|Any CPU
		{68FEC12E-E52D-4D00-A081-A9A7F829EF9A}.Release|Any CPU.Build.0 = Release|Any CPU
		{5E33B0FC-C445-4E83-80EF-CB910C8A3627}.Debug|Any CPU.ActiveCfg = Debug|Any CPU
		{5E33B0FC-C445-4E83-80EF-CB910C8A3627}.Debug|Any CPU.Build.0 = Debug|Any CPU
		{5E33B0FC-C445-4E83-80EF-CB910C8A3627}.Release|Any CPU.ActiveCfg = Release|Any CPU
		{5E33B0FC-C445-4E83-80EF-CB910C8A3627}.Release|Any CPU.Build.0 = Release|Any CPU
		{69C4DD77-606A-4A60-9B57-4D43367F682C}.Debug|Any CPU.ActiveCfg = Debug|Any CPU
		{69C4DD77-606A-4A60-9B57-4D43367F682C}.Debug|Any CPU.Build.0 = Debug|Any CPU
		{69C4DD77-606A-4A60-9B57-4D43367F682C}.Release|Any CPU.ActiveCfg = Release|Any CPU
		{69C4DD77-606A-4A60-9B57-4D43367F682C}.Release|Any CPU.Build.0 = Release|Any CPU
		{2AE43BD1-00EF-4A64-A7EF-23794A5CFCA2}.Debug|Any CPU.ActiveCfg = Debug|Any CPU
		{2AE43BD1-00EF-4A64-A7EF-23794A5CFCA2}.Debug|Any CPU.Build.0 = Debug|Any CPU
		{2AE43BD1-00EF-4A64-A7EF-23794A5CFCA2}.Release|Any CPU.ActiveCfg = Release|Any CPU
		{2AE43BD1-00EF-4A64-A7EF-23794A5CFCA2}.Release|Any CPU.Build.0 = Release|Any CPU
	EndGlobalSection
	GlobalSection(SolutionProperties) = preSolution
		HideSolutionNode = FALSE
	EndGlobalSection
	GlobalSection(NestedProjects) = preSolution
		{0CEEE9A6-A8FC-4FCD-8E30-558CDC8A8AEC} = {9F698FF9-B517-433A-B03E-5A59DAE70231}
		{7248E30B-CBD5-43B0-AC2C-34DFDC55C2F5} = {BCA005FB-AD2D-4279-A17C-12B74DF1E31A}
		{21B90244-4E46-4545-9854-A0D2C2C3D82C} = {BCA005FB-AD2D-4279-A17C-12B74DF1E31A}
		{393002EA-94BF-4175-8619-9B0253DD1816} = {BCA005FB-AD2D-4279-A17C-12B74DF1E31A}
		{ADD0E786-0719-49DC-A909-3F8C3A8AEFF3} = {BCA005FB-AD2D-4279-A17C-12B74DF1E31A}
		{651B6C30-1559-4364-88CA-1FEC1115D701} = {2FD15F33-9CB7-4A86-9250-0AF8C43E1489}
		{F26C042B-CCD2-4A18-887A-83989B3C48DE} = {2FD15F33-9CB7-4A86-9250-0AF8C43E1489}
		{E69FE5DA-E4BE-40AA-B496-E5F63D40220F} = {F26C042B-CCD2-4A18-887A-83989B3C48DE}
		{3BF247EB-F755-4928-AB23-ABC1066689C1} = {2FD15F33-9CB7-4A86-9250-0AF8C43E1489}
		{0949A3C1-7855-4026-BCB1-92F929DF803A} = {F26C042B-CCD2-4A18-887A-83989B3C48DE}
		{45CBA4C6-87AA-490D-A123-C3BAAF6DED88} = {F26C042B-CCD2-4A18-887A-83989B3C48DE}
		{8CE61155-6C55-4D63-B7AE-787CD00077A3} = {1D3EE407-40D3-459D-828E-95296616361E}
		{B5E1045F-5778-40FE-9FCE-6F9B1789FD00} = {9DD2C7F6-5493-4A5E-87AF-A1B5A6B32600}
		{5391C985-55DA-4BCA-9DAB-752B11D2397A} = {4F2B798C-12D3-4407-910C-FA5F1F990347}
		{EB9C419E-2262-4870-97F3-47E0558FFF4A} = {4F2B798C-12D3-4407-910C-FA5F1F990347}
		{5E15D5C7-0073-415A-9553-8A8347DBF68C} = {4F2B798C-12D3-4407-910C-FA5F1F990347}
		{514AE52A-D1CD-4D19-8286-702DD7E901B7} = {4F2B798C-12D3-4407-910C-FA5F1F990347}
		{33E9923D-3085-460A-AE63-B53BB0315062} = {1D3EE407-40D3-459D-828E-95296616361E}
		{AE117355-56BA-4EA0-9C47-341E0D76BBA6} = {00042318-1BE6-476D-9703-265CB0A8131B}
		{EB96DFEE-0BD5-4202-8D57-BA34737C8EBF} = {00042318-1BE6-476D-9703-265CB0A8131B}
		{F39C93EB-E70C-4F14-97FD-C2DCA6A0F14D} = {00042318-1BE6-476D-9703-265CB0A8131B}
		{68FEC12E-E52D-4D00-A081-A9A7F829EF9A} = {00042318-1BE6-476D-9703-265CB0A8131B}
		{5E33B0FC-C445-4E83-80EF-CB910C8A3627} = {54301957-38DE-4B72-9BB4-0B311611B333}
		{69C4DD77-606A-4A60-9B57-4D43367F682C} = {54301957-38DE-4B72-9BB4-0B311611B333}
		{2AE43BD1-00EF-4A64-A7EF-23794A5CFCA2} = {54301957-38DE-4B72-9BB4-0B311611B333}
	EndGlobalSection
	GlobalSection(ExtensibilityGlobals) = postSolution
		SolutionGuid = {7C99B7AE-46D3-4A01-9925-AA3B273D17B6}
	EndGlobalSection
EndGlobal
